// !$*UTF8*$!
{
	archiveVersion = 1;
	classes = {
	};
	objectVersion = 55;
	objects = {

/* Begin PBXBuildFile section */
		C84219F52860A61F0051DBA9 /* AppDelegate.swift in Sources */ = {isa = PBXBuildFile; fileRef = C84219F42860A61F0051DBA9 /* AppDelegate.swift */; };
		C84219F72860A61F0051DBA9 /* SceneDelegate.swift in Sources */ = {isa = PBXBuildFile; fileRef = C84219F62860A61F0051DBA9 /* SceneDelegate.swift */; };
		C84219F92860A61F0051DBA9 /* AlbumsViewController.swift in Sources */ = {isa = PBXBuildFile; fileRef = C84219F82860A61F0051DBA9 /* AlbumsViewController.swift */; };
		C84219FC2860A61F0051DBA9 /* Main.storyboard in Resources */ = {isa = PBXBuildFile; fileRef = C84219FA2860A61F0051DBA9 /* Main.storyboard */; };
		C84219FE2860A6230051DBA9 /* Assets.xcassets in Resources */ = {isa = PBXBuildFile; fileRef = C84219FD2860A6230051DBA9 /* Assets.xcassets */; };
		C8421A012860A6230051DBA9 /* LaunchScreen.storyboard in Resources */ = {isa = PBXBuildFile; fileRef = C84219FF2860A6230051DBA9 /* LaunchScreen.storyboard */; };
		C8421A0A2860ADD90051DBA9 /* ForYouViewController.swift in Sources */ = {isa = PBXBuildFile; fileRef = C8421A092860ADD90051DBA9 /* ForYouViewController.swift */; };
		C8421A0C2860AE5A0051DBA9 /* MediaLibraryViewController.swift in Sources */ = {isa = PBXBuildFile; fileRef = C8421A0B2860AE5A0051DBA9 /* MediaLibraryViewController.swift */; };
		C8421A0E2860AE770051DBA9 /* SearchViewController.swift in Sources */ = {isa = PBXBuildFile; fileRef = C8421A0D2860AE770051DBA9 /* SearchViewController.swift */; };
		C8421A102860AED80051DBA9 /* ViewController.swift in Sources */ = {isa = PBXBuildFile; fileRef = C8421A0F2860AED80051DBA9 /* ViewController.swift */; };
		C8421A132860B0870051DBA9 /* Extention.swift in Sources */ = {isa = PBXBuildFile; fileRef = C8421A122860B0870051DBA9 /* Extention.swift */; };
		C8421A162860B1690051DBA9 /* CustomViewCell.swift in Sources */ = {isa = PBXBuildFile; fileRef = C8421A152860B1690051DBA9 /* CustomViewCell.swift */; };
		C8421A192860B24B0051DBA9 /* Data.swift in Sources */ = {isa = PBXBuildFile; fileRef = C8421A182860B24B0051DBA9 /* Data.swift */; };
		C8421A1D2860D4FE0051DBA9 /* Model.swift in Sources */ = {isa = PBXBuildFile; fileRef = C8421A1C2860D4FE0051DBA9 /* Model.swift */; };
/* End PBXBuildFile section */

/* Begin PBXFileReference section */
		C84219F12860A61F0051DBA9 /* IOS-HW14-Albums-Of-Pictures.app */ = {isa = PBXFileReference; explicitFileType = wrapper.application; includeInIndex = 0; path = "IOS-HW14-Albums-Of-Pictures.app"; sourceTree = BUILT_PRODUCTS_DIR; };
		C84219F42860A61F0051DBA9 /* AppDelegate.swift */ = {isa = PBXFileReference; lastKnownFileType = sourcecode.swift; path = AppDelegate.swift; sourceTree = "<group>"; };
		C84219F62860A61F0051DBA9 /* SceneDelegate.swift */ = {isa = PBXFileReference; lastKnownFileType = sourcecode.swift; path = SceneDelegate.swift; sourceTree = "<group>"; };
		C84219F82860A61F0051DBA9 /* AlbumsViewController.swift */ = {isa = PBXFileReference; lastKnownFileType = sourcecode.swift; path = AlbumsViewController.swift; sourceTree = "<group>"; };
		C84219FB2860A61F0051DBA9 /* Base */ = {isa = PBXFileReference; lastKnownFileType = file.storyboard; name = Base; path = Base.lproj/Main.storyboard; sourceTree = "<group>"; };
		C84219FD2860A6230051DBA9 /* Assets.xcassets */ = {isa = PBXFileReference; lastKnownFileType = folder.assetcatalog; path = Assets.xcassets; sourceTree = "<group>"; };
		C8421A002860A6230051DBA9 /* Base */ = {isa = PBXFileReference; lastKnownFileType = file.storyboard; name = Base; path = Base.lproj/LaunchScreen.storyboard; sourceTree = "<group>"; };
		C8421A022860A6230051DBA9 /* Info.plist */ = {isa = PBXFileReference; lastKnownFileType = text.plist.xml; path = Info.plist; sourceTree = "<group>"; };
		C8421A092860ADD90051DBA9 /* ForYouViewController.swift */ = {isa = PBXFileReference; lastKnownFileType = sourcecode.swift; path = ForYouViewController.swift; sourceTree = "<group>"; };
		C8421A0B2860AE5A0051DBA9 /* MediaLibraryViewController.swift */ = {isa = PBXFileReference; lastKnownFileType = sourcecode.swift; path = MediaLibraryViewController.swift; sourceTree = "<group>"; };
		C8421A0D2860AE770051DBA9 /* SearchViewController.swift */ = {isa = PBXFileReference; lastKnownFileType = sourcecode.swift; path = SearchViewController.swift; sourceTree = "<group>"; };
		C8421A0F2860AED80051DBA9 /* ViewController.swift */ = {isa = PBXFileReference; lastKnownFileType = sourcecode.swift; path = ViewController.swift; sourceTree = "<group>"; };
		C8421A122860B0870051DBA9 /* Extention.swift */ = {isa = PBXFileReference; lastKnownFileType = sourcecode.swift; path = Extention.swift; sourceTree = "<group>"; };
		C8421A152860B1690051DBA9 /* CustomViewCell.swift */ = {isa = PBXFileReference; lastKnownFileType = sourcecode.swift; path = CustomViewCell.swift; sourceTree = "<group>"; };
		C8421A182860B24B0051DBA9 /* Data.swift */ = {isa = PBXFileReference; lastKnownFileType = sourcecode.swift; path = Data.swift; sourceTree = "<group>"; };
		C8421A1C2860D4FE0051DBA9 /* Model.swift */ = {isa = PBXFileReference; lastKnownFileType = sourcecode.swift; path = Model.swift; sourceTree = "<group>"; };
/* End PBXFileReference section */

/* Begin PBXFrameworksBuildPhase section */
		C84219EE2860A61F0051DBA9 /* Frameworks */ = {
			isa = PBXFrameworksBuildPhase;
			buildActionMask = 2147483647;
			files = (
			);
			runOnlyForDeploymentPostprocessing = 0;
		};
/* End PBXFrameworksBuildPhase section */

/* Begin PBXGroup section */
		C84219E82860A61F0051DBA9 = {
			isa = PBXGroup;
			children = (
				C84219F32860A61F0051DBA9 /* IOS-HW14-Albums-Of-Pictures */,
				C84219F22860A61F0051DBA9 /* Products */,
			);
			sourceTree = "<group>";
		};
		C84219F22860A61F0051DBA9 /* Products */ = {
			isa = PBXGroup;
			children = (
				C84219F12860A61F0051DBA9 /* IOS-HW14-Albums-Of-Pictures.app */,
			);
			name = Products;
			sourceTree = "<group>";
		};
		C84219F32860A61F0051DBA9 /* IOS-HW14-Albums-Of-Pictures */ = {
			isa = PBXGroup;
			children = (
				C84219F42860A61F0051DBA9 /* AppDelegate.swift */,
				C84219F62860A61F0051DBA9 /* SceneDelegate.swift */,
				C8421A1A2860D4DD0051DBA9 /* Model */,
				C8421A142860B13B0051DBA9 /* ViewCell */,
				C8421A082860AD650051DBA9 /* ViewControllers */,
				C8421A112860B0300051DBA9 /* Extentions */,
				C8421A172860B23B0051DBA9 /* Data */,
				C84219FA2860A61F0051DBA9 /* Main.storyboard */,
				C84219FD2860A6230051DBA9 /* Assets.xcassets */,
				C84219FF2860A6230051DBA9 /* LaunchScreen.storyboard */,
				C8421A022860A6230051DBA9 /* Info.plist */,
			);
			path = "IOS-HW14-Albums-Of-Pictures";
			sourceTree = "<group>";
		};
		C8421A082860AD650051DBA9 /* ViewControllers */ = {
			isa = PBXGroup;
			children = (
				C84219F82860A61F0051DBA9 /* AlbumsViewController.swift */,
				C8421A0D2860AE770051DBA9 /* SearchViewController.swift */,
				C8421A0F2860AED80051DBA9 /* ViewController.swift */,
				C8421A0B2860AE5A0051DBA9 /* MediaLibraryViewController.swift */,
				C8421A092860ADD90051DBA9 /* ForYouViewController.swift */,
			);
			path = ViewControllers;
			sourceTree = "<group>";
		};
		C8421A112860B0300051DBA9 /* Extentions */ = {
			isa = PBXGroup;
			children = (
				C8421A122860B0870051DBA9 /* Extention.swift */,
			);
			path = Extentions;
			sourceTree = "<group>";
		};
		C8421A142860B13B0051DBA9 /* ViewCell */ = {
			isa = PBXGroup;
			children = (
				C8421A152860B1690051DBA9 /* CustomViewCell.swift */,
			);
			path = ViewCell;
			sourceTree = "<group>";
		};
		C8421A172860B23B0051DBA9 /* Data */ = {
			isa = PBXGroup;
			children = (
				C8421A182860B24B0051DBA9 /* Data.swift */,
			);
			path = Data;
			sourceTree = "<group>";
		};
		C8421A1A2860D4DD0051DBA9 /* Model */ = {
			isa = PBXGroup;
			children = (
				C8421A1C2860D4FE0051DBA9 /* Model.swift */,
			);
			path = Model;
			sourceTree = "<group>";
		};
/* End PBXGroup section */

/* Begin PBXNativeTarget section */
		C84219F02860A61F0051DBA9 /* IOS-HW14-Albums-Of-Pictures */ = {
			isa = PBXNativeTarget;
			buildConfigurationList = C8421A052860A6230051DBA9 /* Build configuration list for PBXNativeTarget "IOS-HW14-Albums-Of-Pictures" */;
			buildPhases = (
				C84219ED2860A61F0051DBA9 /* Sources */,
				C84219EE2860A61F0051DBA9 /* Frameworks */,
				C84219EF2860A61F0051DBA9 /* Resources */,
			);
			buildRules = (
			);
			dependencies = (
			);
			name = "IOS-HW14-Albums-Of-Pictures";
			productName = "IOS-HW14-Albums-Of-Pictures";
			productReference = C84219F12860A61F0051DBA9 /* IOS-HW14-Albums-Of-Pictures.app */;
			productType = "com.apple.product-type.application";
		};
/* End PBXNativeTarget section */

/* Begin PBXProject section */
		C84219E92860A61F0051DBA9 /* Project object */ = {
			isa = PBXProject;
			attributes = {
				BuildIndependentTargetsInParallel = 1;
				LastSwiftUpdateCheck = 1320;
				LastUpgradeCheck = 1320;
				TargetAttributes = {
					C84219F02860A61F0051DBA9 = {
						CreatedOnToolsVersion = 13.2.1;
					};
				};
			};
			buildConfigurationList = C84219EC2860A61F0051DBA9 /* Build configuration list for PBXProject "IOS-HW14-Albums-Of-Pictures" */;
			compatibilityVersion = "Xcode 13.0";
			developmentRegion = en;
			hasScannedForEncodings = 0;
			knownRegions = (
				en,
				Base,
			);
			mainGroup = C84219E82860A61F0051DBA9;
			productRefGroup = C84219F22860A61F0051DBA9 /* Products */;
			projectDirPath = "";
			projectRoot = "";
			targets = (
				C84219F02860A61F0051DBA9 /* IOS-HW14-Albums-Of-Pictures */,
			);
		};
/* End PBXProject section */

/* Begin PBXResourcesBuildPhase section */
		C84219EF2860A61F0051DBA9 /* Resources */ = {
			isa = PBXResourcesBuildPhase;
			buildActionMask = 2147483647;
			files = (
				C8421A012860A6230051DBA9 /* LaunchScreen.storyboard in Resources */,
				C84219FE2860A6230051DBA9 /* Assets.xcassets in Resources */,
				C84219FC2860A61F0051DBA9 /* Main.storyboard in Resources */,
			);
			runOnlyForDeploymentPostprocessing = 0;
		};
/* End PBXResourcesBuildPhase section */

/* Begin PBXSourcesBuildPhase section */
		C84219ED2860A61F0051DBA9 /* Sources */ = {
			isa = PBXSourcesBuildPhase;
			buildActionMask = 2147483647;
			files = (
				C8421A132860B0870051DBA9 /* Extention.swift in Sources */,
				C8421A192860B24B0051DBA9 /* Data.swift in Sources */,
				C8421A0C2860AE5A0051DBA9 /* MediaLibraryViewController.swift in Sources */,
				C8421A0E2860AE770051DBA9 /* SearchViewController.swift in Sources */,
				C8421A0A2860ADD90051DBA9 /* ForYouViewController.swift in Sources */,
				C84219F92860A61F0051DBA9 /* AlbumsViewController.swift in Sources */,
				C8421A102860AED80051DBA9 /* ViewController.swift in Sources */,
				C84219F52860A61F0051DBA9 /* AppDelegate.swift in Sources */,
				C8421A1D2860D4FE0051DBA9 /* Model.swift in Sources */,
				C8421A162860B1690051DBA9 /* CustomViewCell.swift in Sources */,
				C84219F72860A61F0051DBA9 /* SceneDelegate.swift in Sources */,
			);
			runOnlyForDeploymentPostprocessing = 0;
		};
/* End PBXSourcesBuildPhase section */

/* Begin PBXVariantGroup section */
		C84219FA2860A61F0051DBA9 /* Main.storyboard */ = {
			isa = PBXVariantGroup;
			children = (
				C84219FB2860A61F0051DBA9 /* Base */,
			);
			name = Main.storyboard;
			sourceTree = "<group>";
		};
		C84219FF2860A6230051DBA9 /* LaunchScreen.storyboard */ = {
			isa = PBXVariantGroup;
			children = (
				C8421A002860A6230051DBA9 /* Base */,
			);
			name = LaunchScreen.storyboard;
			sourceTree = "<group>";
		};
/* End PBXVariantGroup section */

/* Begin XCBuildConfiguration section */
		C8421A032860A6230051DBA9 /* Debug */ = {
			isa = XCBuildConfiguration;
			buildSettings = {
				ALWAYS_SEARCH_USER_PATHS = NO;
				CLANG_ANALYZER_NONNULL = YES;
				CLANG_ANALYZER_NUMBER_OBJECT_CONVERSION = YES_AGGRESSIVE;
				CLANG_CXX_LANGUAGE_STANDARD = "gnu++17";
				CLANG_CXX_LIBRARY = "libc++";
				CLANG_ENABLE_MODULES = YES;
				CLANG_ENABLE_OBJC_ARC = YES;
				CLANG_ENABLE_OBJC_WEAK = YES;
				CLANG_WARN_BLOCK_CAPTURE_AUTORELEASING = YES;
				CLANG_WARN_BOOL_CONVERSION = YES;
				CLANG_WARN_COMMA = YES;
				CLANG_WARN_CONSTANT_CONVERSION = YES;
				CLANG_WARN_DEPRECATED_OBJC_IMPLEMENTATIONS = YES;
				CLANG_WARN_DIRECT_OBJC_ISA_USAGE = YES_ERROR;
				CLANG_WARN_DOCUMENTATION_COMMENTS = YES;
				CLANG_WARN_EMPTY_BODY = YES;
				CLANG_WARN_ENUM_CONVERSION = YES;
				CLANG_WARN_INFINITE_RECURSION = YES;
				CLANG_WARN_INT_CONVERSION = YES;
				CLANG_WARN_NON_LITERAL_NULL_CONVERSION = YES;
				CLANG_WARN_OBJC_IMPLICIT_RETAIN_SELF = YES;
				CLANG_WARN_OBJC_LITERAL_CONVERSION = YES;
				CLANG_WARN_OBJC_ROOT_CLASS = YES_ERROR;
				CLANG_WARN_QUOTED_INCLUDE_IN_FRAMEWORK_HEADER = YES;
				CLANG_WARN_RANGE_LOOP_ANALYSIS = YES;
				CLANG_WARN_STRICT_PROTOTYPES = YES;
				CLANG_WARN_SUSPICIOUS_MOVE = YES;
				CLANG_WARN_UNGUARDED_AVAILABILITY = YES_AGGRESSIVE;
				CLANG_WARN_UNREACHABLE_CODE = YES;
				CLANG_WARN__DUPLICATE_METHOD_MATCH = YES;
				COPY_PHASE_STRIP = NO;
				DEBUG_INFORMATION_FORMAT = dwarf;
				ENABLE_STRICT_OBJC_MSGSEND = YES;
				ENABLE_TESTABILITY = YES;
				GCC_C_LANGUAGE_STANDARD = gnu11;
				GCC_DYNAMIC_NO_PIC = NO;
				GCC_NO_COMMON_BLOCKS = YES;
				GCC_OPTIMIZATION_LEVEL = 0;
				GCC_PREPROCESSOR_DEFINITIONS = (
					"DEBUG=1",
					"$(inherited)",
				);
				GCC_WARN_64_TO_32_BIT_CONVERSION = YES;
				GCC_WARN_ABOUT_RETURN_TYPE = YES_ERROR;
				GCC_WARN_UNDECLARED_SELECTOR = YES;
				GCC_WARN_UNINITIALIZED_AUTOS = YES_AGGRESSIVE;
				GCC_WARN_UNUSED_FUNCTION = YES;
				GCC_WARN_UNUSED_VARIABLE = YES;
				IPHONEOS_DEPLOYMENT_TARGET = 15.2;
				MTL_ENABLE_DEBUG_INFO = INCLUDE_SOURCE;
				MTL_FAST_MATH = YES;
				ONLY_ACTIVE_ARCH = YES;
				SDKROOT = iphoneos;
				SWIFT_ACTIVE_COMPILATION_CONDITIONS = DEBUG;
				SWIFT_OPTIMIZATION_LEVEL = "-Onone";
			};
			name = Debug;
		};
		C8421A042860A6230051DBA9 /* Release */ = {
			isa = XCBuildConfiguration;
			buildSettings = {
				ALWAYS_SEARCH_USER_PATHS = NO;
				CLANG_ANALYZER_NONNULL = YES;
				CLANG_ANALYZER_NUMBER_OBJECT_CONVERSION = YES_AGGRESSIVE;
				CLANG_CXX_LANGUAGE_STANDARD = "gnu++17";
				CLANG_CXX_LIBRARY = "libc++";
				CLANG_ENABLE_MODULES = YES;
				CLANG_ENABLE_OBJC_ARC = YES;
				CLANG_ENABLE_OBJC_WEAK = YES;
				CLANG_WARN_BLOCK_CAPTURE_AUTORELEASING = YES;
				CLANG_WARN_BOOL_CONVERSION = YES;
				CLANG_WARN_COMMA = YES;
				CLANG_WARN_CONSTANT_CONVERSION = YES;
				CLANG_WARN_DEPRECATED_OBJC_IMPLEMENTATIONS = YES;
				CLANG_WARN_DIRECT_OBJC_ISA_USAGE = YES_ERROR;
				CLANG_WARN_DOCUMENTATION_COMMENTS = YES;
				CLANG_WARN_EMPTY_BODY = YES;
				CLANG_WARN_ENUM_CONVERSION = YES;
				CLANG_WARN_INFINITE_RECURSION = YES;
				CLANG_WARN_INT_CONVERSION = YES;
				CLANG_WARN_NON_LITERAL_NULL_CONVERSION = YES;
				CLANG_WARN_OBJC_IMPLICIT_RETAIN_SELF = YES;
				CLANG_WARN_OBJC_LITERAL_CONVERSION = YES;
				CLANG_WARN_OBJC_ROOT_CLASS = YES_ERROR;
				CLANG_WARN_QUOTED_INCLUDE_IN_FRAMEWORK_HEADER = YES;
				CLANG_WARN_RANGE_LOOP_ANALYSIS = YES;
				CLANG_WARN_STRICT_PROTOTYPES = YES;
				CLANG_WARN_SUSPICIOUS_MOVE = YES;
				CLANG_WARN_UNGUARDED_AVAILABILITY = YES_AGGRESSIVE;
				CLANG_WARN_UNREACHABLE_CODE = YES;
				CLANG_WARN__DUPLICATE_METHOD_MATCH = YES;
				COPY_PHASE_STRIP = NO;
				DEBUG_INFORMATION_FORMAT = "dwarf-with-dsym";
				ENABLE_NS_ASSERTIONS = NO;
				ENABLE_STRICT_OBJC_MSGSEND = YES;
				GCC_C_LANGUAGE_STANDARD = gnu11;
				GCC_NO_COMMON_BLOCKS = YES;
				GCC_WARN_64_TO_32_BIT_CONVERSION = YES;
				GCC_WARN_ABOUT_RETURN_TYPE = YES_ERROR;
				GCC_WARN_UNDECLARED_SELECTOR = YES;
				GCC_WARN_UNINITIALIZED_AUTOS = YES_AGGRESSIVE;
				GCC_WARN_UNUSED_FUNCTION = YES;
				GCC_WARN_UNUSED_VARIABLE = YES;
				IPHONEOS_DEPLOYMENT_TARGET = 15.2;
				MTL_ENABLE_DEBUG_INFO = NO;
				MTL_FAST_MATH = YES;
				SDKROOT = iphoneos;
				SWIFT_COMPILATION_MODE = wholemodule;
				SWIFT_OPTIMIZATION_LEVEL = "-O";
				VALIDATE_PRODUCT = YES;
			};
			name = Release;
		};
		C8421A062860A6230051DBA9 /* Debug */ = {
			isa = XCBuildConfiguration;
			buildSettings = {
				ASSETCATALOG_COMPILER_APPICON_NAME = AppIcon;
				ASSETCATALOG_COMPILER_GLOBAL_ACCENT_COLOR_NAME = AccentColor;
				CODE_SIGN_STYLE = Automatic;
				CURRENT_PROJECT_VERSION = 1;
				DEVELOPMENT_TEAM = XG963RW2D6;
				GENERATE_INFOPLIST_FILE = YES;
				INFOPLIST_FILE = "IOS-HW14-Albums-Of-Pictures/Info.plist";
				INFOPLIST_KEY_UIApplicationSupportsIndirectInputEvents = YES;
				INFOPLIST_KEY_UILaunchStoryboardName = LaunchScreen;
				INFOPLIST_KEY_UIMainStoryboardFile = Main;
				INFOPLIST_KEY_UISupportedInterfaceOrientations_iPad = "UIInterfaceOrientationPortrait UIInterfaceOrientationPortraitUpsideDown UIInterfaceOrientationLandscapeLeft UIInterfaceOrientationLandscapeRight";
				INFOPLIST_KEY_UISupportedInterfaceOrientations_iPhone = "UIInterfaceOrientationPortrait UIInterfaceOrientationLandscapeLeft UIInterfaceOrientationLandscapeRight";
				LD_RUNPATH_SEARCH_PATHS = (
					"$(inherited)",
					"@executable_path/Frameworks",
				);
				MARKETING_VERSION = 1.0;
				PRODUCT_BUNDLE_IDENTIFIER = "Under-Karter.IOS-HW14-Albums-Of-Pictures";
				PRODUCT_NAME = "$(TARGET_NAME)";
				SWIFT_EMIT_LOC_STRINGS = YES;
				SWIFT_VERSION = 5.0;
				TARGETED_DEVICE_FAMILY = "1,2";
			};
			name = Debug;
		};
		C8421A072860A6230051DBA9 /* Release */ = {
			isa = XCBuildConfiguration;
			buildSettings = {
				ASSETCATALOG_COMPILER_APPICON_NAME = AppIcon;
				ASSETCATALOG_COMPILER_GLOBAL_ACCENT_COLOR_NAME = AccentColor;
				CODE_SIGN_STYLE = Automatic;
				CURRENT_PROJECT_VERSION = 1;
				DEVELOPMENT_TEAM = XG963RW2D6;
				GENERATE_INFOPLIST_FILE = YES;
				INFOPLIST_FILE = "IOS-HW14-Albums-Of-Pictures/Info.plist";
				INFOPLIST_KEY_UIApplicationSupportsIndirectInputEvents = YES;
				INFOPLIST_KEY_UILaunchStoryboardName = LaunchScreen;
				INFOPLIST_KEY_UIMainStoryboardFile = Main;
				INFOPLIST_KEY_UISupportedInterfaceOrientations_iPad = "UIInterfaceOrientationPortrait UIInterfaceOrientationPortraitUpsideDown UIInterfaceOrientationLandscapeLeft UIInterfaceOrientationLandscapeRight";
				INFOPLIST_KEY_UISupportedInterfaceOrientations_iPhone = "UIInterfaceOrientationPortrait UIInterfaceOrientationLandscapeLeft UIInterfaceOrientationLandscapeRight";
				LD_RUNPATH_SEARCH_PATHS = (
					"$(inherited)",
					"@executable_path/Frameworks",
				);
				MARKETING_VERSION = 1.0;
				PRODUCT_BUNDLE_IDENTIFIER = "Under-Karter.IOS-HW14-Albums-Of-Pictures";
				PRODUCT_NAME = "$(TARGET_NAME)";
				SWIFT_EMIT_LOC_STRINGS = YES;
				SWIFT_VERSION = 5.0;
				TARGETED_DEVICE_FAMILY = "1,2";
			};
			name = Release;
		};
/* End XCBuildConfiguration section */

/* Begin XCConfigurationList section */
		C84219EC2860A61F0051DBA9 /* Build configuration list for PBXProject "IOS-HW14-Albums-Of-Pictures" */ = {
			isa = XCConfigurationList;
			buildConfigurations = (
				C8421A032860A6230051DBA9 /* Debug */,
				C8421A042860A6230051DBA9 /* Release */,
			);
			defaultConfigurationIsVisible = 0;
			defaultConfigurationName = Release;
		};
		C8421A052860A6230051DBA9 /* Build configuration list for PBXNativeTarget "IOS-HW14-Albums-Of-Pictures" */ = {
			isa = XCConfigurationList;
			buildConfigurations = (
				C8421A062860A6230051DBA9 /* Debug */,
				C8421A072860A6230051DBA9 /* Release */,
			);
			defaultConfigurationIsVisible = 0;
			defaultConfigurationName = Release;
		};
/* End XCConfigurationList section */
	};
	rootObject = C84219E92860A61F0051DBA9 /* Project object */;
}
